
Microsoft Visual Studio Solution File, Format Version 12.00
# Visual Studio 15
VisualStudioVersion = 15.0.28307.757
MinimumVisualStudioVersion = 10.0.40219.1
Project("{FAE04EC0-301F-11D3-BF4B-00C04F79EFBC}") = "WhateverRPGEngine", "WhateverRPGEngine\WhateverRPGEngine.csproj", "{69C4BF8F-7029-408B-B47C-23C51C522240}"
EndProject
Project("{FAE04EC0-301F-11D3-BF4B-00C04F79EFBC}") = "WERPG", "WERPG\WERPG.csproj", "{74EAD7B9-5D49-4F04-885B-B453E0B6FF9E}"
EndProject
Global
	GlobalSection(SolutionConfigurationPlatforms) = preSolution
		Debug|Any CPU = Debug|Any CPU
		Release|Any CPU = Release|Any CPU
	EndGlobalSection
	GlobalSection(ProjectConfigurationPlatforms) = postSolution
		{69C4BF8F-7029-408B-B47C-23C51C522240}.Debug|Any CPU.ActiveCfg = Debug|Any CPU
		{69C4BF8F-7029-408B-B47C-23C51C522240}.Debug|Any CPU.Build.0 = Debug|Any CPU
		{69C4BF8F-7029-408B-B47C-23C51C522240}.Release|Any CPU.ActiveCfg = Release|Any CPU
		{69C4BF8F-7029-408B-B47C-23C51C522240}.Release|Any CPU.Build.0 = Release|Any CPU
		{74EAD7B9-5D49-4F04-885B-B453E0B6FF9E}.Debug|Any CPU.ActiveCfg = Debug|Any CPU
		{74EAD7B9-5D49-4F04-885B-B453E0B6FF9E}.Debug|Any CPU.Build.0 = Debug|Any CPU
		{74EAD7B9-5D49-4F04-885B-B453E0B6FF9E}.Release|Any CPU.ActiveCfg = Release|Any CPU
		{74EAD7B9-5D49-4F04-885B-B453E0B6FF9E}.Release|Any CPU.Build.0 = Release|Any CPU
	EndGlobalSection
	GlobalSection(SolutionProperties) = preSolution
		HideSolutionNode = FALSE
	EndGlobalSection
	GlobalSection(ExtensibilityGlobals) = postSolution
		SolutionGuid = {A9741EAF-DFC3-4BB8-AA67-9232D99EF145}
	EndGlobalSection
EndGlobal
